
Microsoft Visual Studio Solution File, Format Version 12.00
# Visual Studio 15
VisualStudioVersion = 15.0.28307.329
MinimumVisualStudioVersion = 10.0.40219.1
Project("{9A19103F-16F7-4668-BE54-9A1E7A4F7556}") = "Cotizacion", "Cotizacion\Cotizacion.csproj", "{A78EF311-1ADF-4FEC-98FC-E30FE5D542CD}"
EndProject
Project("{FAE04EC0-301F-11D3-BF4B-00C04F79EFBC}") = "TestApi", "TestApi\TestApi.csproj", "{886B0A46-B74E-4002-B772-9019A87A4011}"
EndProject
Global
	GlobalSection(SolutionConfigurationPlatforms) = preSolution
		Debug|Any CPU = Debug|Any CPU
		Release|Any CPU = Release|Any CPU
	EndGlobalSection
	GlobalSection(ProjectConfigurationPlatforms) = postSolution
		{A78EF311-1ADF-4FEC-98FC-E30FE5D542CD}.Debug|Any CPU.ActiveCfg = Debug|Any CPU
		{A78EF311-1ADF-4FEC-98FC-E30FE5D542CD}.Debug|Any CPU.Build.0 = Debug|Any CPU
		{A78EF311-1ADF-4FEC-98FC-E30FE5D542CD}.Release|Any CPU.ActiveCfg = Release|Any CPU
		{A78EF311-1ADF-4FEC-98FC-E30FE5D542CD}.Release|Any CPU.Build.0 = Release|Any CPU
		{886B0A46-B74E-4002-B772-9019A87A4011}.Debug|Any CPU.ActiveCfg = Debug|Any CPU
		{886B0A46-B74E-4002-B772-9019A87A4011}.Debug|Any CPU.Build.0 = Debug|Any CPU
		{886B0A46-B74E-4002-B772-9019A87A4011}.Release|Any CPU.ActiveCfg = Release|Any CPU
		{886B0A46-B74E-4002-B772-9019A87A4011}.Release|Any CPU.Build.0 = Release|Any CPU
	EndGlobalSection
	GlobalSection(SolutionProperties) = preSolution
		HideSolutionNode = FALSE
	EndGlobalSection
	GlobalSection(ExtensibilityGlobals) = postSolution
		SolutionGuid = {9EBEDC8F-824F-4AB3-B2CD-A45D3631E9FB}
	EndGlobalSection
EndGlobal
